
Microsoft Visual Studio Solution File, Format Version 12.00
# Visual Studio Version 17
VisualStudioVersion = 17.0.31903.59
MinimumVisualStudioVersion = 10.0.40219.1
Project("{FAE04EC0-301F-11D3-BF4B-00C04F79EFBC}") = "MusicGQL", "MusicGQL\MusicGQL.csproj", "{0958BF6B-CC0E-4D36-9718-7DA5BEA3616D}"
EndProject
Project("{FAE04EC0-301F-11D3-BF4B-00C04F79EFBC}") = "MusicGQL.Tests", "MusicGQL.Tests\MusicGQL.Tests.csproj", "{D3818DE7-33D5-4420-A24C-BB028C20D7D7}"
EndProject
Global
	GlobalSection(SolutionConfigurationPlatforms) = preSolution
		Debug|Any CPU = Debug|Any CPU
		Release|Any CPU = Release|Any CPU
	EndGlobalSection
	GlobalSection(SolutionProperties) = preSolution
		HideSolutionNode = FALSE
	EndGlobalSection
	GlobalSection(ProjectConfigurationPlatforms) = postSolution
		{0958BF6B-CC0E-4D36-9718-7DA5BEA3616D}.Debug|Any CPU.ActiveCfg = Debug|Any CPU
		{0958BF6B-CC0E-4D36-9718-7DA5BEA3616D}.Debug|Any CPU.Build.0 = Debug|Any CPU
		{0958BF6B-CC0E-4D36-9718-7DA5BEA3616D}.Release|Any CPU.ActiveCfg = Release|Any CPU
		{0958BF6B-CC0E-4D36-9718-7DA5BEA3616D}.Release|Any CPU.Build.0 = Release|Any CPU
		{D3818DE7-33D5-4420-A24C-BB028C20D7D7}.Debug|Any CPU.ActiveCfg = Debug|Any CPU
		{D3818DE7-33D5-4420-A24C-BB028C20D7D7}.Debug|Any CPU.Build.0 = Debug|Any CPU
		{D3818DE7-33D5-4420-A24C-BB028C20D7D7}.Release|Any CPU.ActiveCfg = Release|Any CPU
		{D3818DE7-33D5-4420-A24C-BB028C20D7D7}.Release|Any CPU.Build.0 = Release|Any CPU
	EndGlobalSection
EndGlobal
